
Microsoft Visual Studio Solution File, Format Version 12.00
# Visual Studio 15
VisualStudioVersion = 15.0.28307.489
MinimumVisualStudioVersion = 10.0.40219.1
Project("{FAE04EC0-301F-11D3-BF4B-00C04F79EFBC}") = "Lands.Android", "Lands\Lands.Android\Lands.Android.csproj", "{E69FC59D-16B1-485C-9E53-EDA22D81353E}"
EndProject
Project("{FAE04EC0-301F-11D3-BF4B-00C04F79EFBC}") = "Lands.iOS", "Lands\Lands.iOS\Lands.iOS.csproj", "{5114CDA7-96C3-4336-A85A-B4015C1FEB1B}"
EndProject
Project("{FAE04EC0-301F-11D3-BF4B-00C04F79EFBC}") = "Lands", "Lands\Lands\Lands.csproj", "{4731CBD6-B788-413A-9CEF-BDAABFF76940}"
EndProject
Global
	GlobalSection(SolutionConfigurationPlatforms) = preSolution
		Ad-Hoc|Any CPU = Ad-Hoc|Any CPU
		Ad-Hoc|iPhone = Ad-Hoc|iPhone
		Ad-Hoc|iPhoneSimulator = Ad-Hoc|iPhoneSimulator
		AppStore|Any CPU = AppStore|Any CPU
		AppStore|iPhone = AppStore|iPhone
		AppStore|iPhoneSimulator = AppStore|iPhoneSimulator
		Debug|Any CPU = Debug|Any CPU
		Debug|iPhone = Debug|iPhone
		Debug|iPhoneSimulator = Debug|iPhoneSimulator
		Release|Any CPU = Release|Any CPU
		Release|iPhone = Release|iPhone
		Release|iPhoneSimulator = Release|iPhoneSimulator
	EndGlobalSection
	GlobalSection(ProjectConfigurationPlatforms) = postSolution
		{E69FC59D-16B1-485C-9E53-EDA22D81353E}.Ad-Hoc|Any CPU.ActiveCfg = Release|Any CPU
		{E69FC59D-16B1-485C-9E53-EDA22D81353E}.Ad-Hoc|Any CPU.Build.0 = Release|Any CPU
		{E69FC59D-16B1-485C-9E53-EDA22D81353E}.Ad-Hoc|Any CPU.Deploy.0 = Release|Any CPU
		{E69FC59D-16B1-485C-9E53-EDA22D81353E}.Ad-Hoc|iPhone.ActiveCfg = Release|Any CPU
		{E69FC59D-16B1-485C-9E53-EDA22D81353E}.Ad-Hoc|iPhone.Build.0 = Release|Any CPU
		{E69FC59D-16B1-485C-9E53-EDA22D81353E}.Ad-Hoc|iPhone.Deploy.0 = Release|Any CPU
		{E69FC59D-16B1-485C-9E53-EDA22D81353E}.Ad-Hoc|iPhoneSimulator.ActiveCfg = Release|Any CPU
		{E69FC59D-16B1-485C-9E53-EDA22D81353E}.Ad-Hoc|iPhoneSimulator.Build.0 = Release|Any CPU
		{E69FC59D-16B1-485C-9E53-EDA22D81353E}.Ad-Hoc|iPhoneSimulator.Deploy.0 = Release|Any CPU
		{E69FC59D-16B1-485C-9E53-EDA22D81353E}.AppStore|Any CPU.ActiveCfg = Release|Any CPU
		{E69FC59D-16B1-485C-9E53-EDA22D81353E}.AppStore|Any CPU.Build.0 = Release|Any CPU
		{E69FC59D-16B1-485C-9E53-EDA22D81353E}.AppStore|Any CPU.Deploy.0 = Release|Any CPU
		{E69FC59D-16B1-485C-9E53-EDA22D81353E}.AppStore|iPhone.ActiveCfg = Release|Any CPU
		{E69FC59D-16B1-485C-9E53-EDA22D81353E}.AppStore|iPhone.Build.0 = Release|Any CPU
		{E69FC59D-16B1-485C-9E53-EDA22D81353E}.AppStore|iPhone.Deploy.0 = Release|Any CPU
		{E69FC59D-16B1-485C-9E53-EDA22D81353E}.AppStore|iPhoneSimulator.ActiveCfg = Release|Any CPU
		{E69FC59D-16B1-485C-9E53-EDA22D81353E}.AppStore|iPhoneSimulator.Build.0 = Release|Any CPU
		{E69FC59D-16B1-485C-9E53-EDA22D81353E}.AppStore|iPhoneSimulator.Deploy.0 = Release|Any CPU
		{E69FC59D-16B1-485C-9E53-EDA22D81353E}.Debug|Any CPU.ActiveCfg = Debug|Any CPU
		{E69FC59D-16B1-485C-9E53-EDA22D81353E}.Debug|Any CPU.Build.0 = Debug|Any CPU
		{E69FC59D-16B1-485C-9E53-EDA22D81353E}.Debug|Any CPU.Deploy.0 = Debug|Any CPU
		{E69FC59D-16B1-485C-9E53-EDA22D81353E}.Debug|iPhone.ActiveCfg = Debug|Any CPU
		{E69FC59D-16B1-485C-9E53-EDA22D81353E}.Debug|iPhone.Build.0 = Debug|Any CPU
		{E69FC59D-16B1-485C-9E53-EDA22D81353E}.Debug|iPhone.Deploy.0 = Debug|Any CPU
		{E69FC59D-16B1-485C-9E53-EDA22D81353E}.Debug|iPhoneSimulator.ActiveCfg = Debug|Any CPU
		{E69FC59D-16B1-485C-9E53-EDA22D81353E}.Debug|iPhoneSimulator.Build.0 = Debug|Any CPU
		{E69FC59D-16B1-485C-9E53-EDA22D81353E}.Debug|iPhoneSimulator.Deploy.0 = Debug|Any CPU
		{E69FC59D-16B1-485C-9E53-EDA22D81353E}.Release|Any CPU.ActiveCfg = Release|Any CPU
		{E69FC59D-16B1-485C-9E53-EDA22D81353E}.Release|Any CPU.Build.0 = Release|Any CPU
		{E69FC59D-16B1-485C-9E53-EDA22D81353E}.Release|Any CPU.Deploy.0 = Release|Any CPU
		{E69FC59D-16B1-485C-9E53-EDA22D81353E}.Release|iPhone.ActiveCfg = Release|Any CPU
		{E69FC59D-16B1-485C-9E53-EDA22D81353E}.Release|iPhone.Build.0 = Release|Any CPU
		{E69FC59D-16B1-485C-9E53-EDA22D81353E}.Release|iPhone.Deploy.0 = Release|Any CPU
		{E69FC59D-16B1-485C-9E53-EDA22D81353E}.Release|iPhoneSimulator.ActiveCfg = Release|Any CPU
		{E69FC59D-16B1-485C-9E53-EDA22D81353E}.Release|iPhoneSimulator.Build.0 = Release|Any CPU
		{E69FC59D-16B1-485C-9E53-EDA22D81353E}.Release|iPhoneSimulator.Deploy.0 = Release|Any CPU
		{5114CDA7-96C3-4336-A85A-B4015C1FEB1B}.Ad-Hoc|Any CPU.ActiveCfg = Ad-Hoc|iPhone
		{5114CDA7-96C3-4336-A85A-B4015C1FEB1B}.Ad-Hoc|Any CPU.Build.0 = Ad-Hoc|iPhone
		{5114CDA7-96C3-4336-A85A-B4015C1FEB1B}.Ad-Hoc|Any CPU.Deploy.0 = Ad-Hoc|iPhone
		{5114CDA7-96C3-4336-A85A-B4015C1FEB1B}.Ad-Hoc|iPhone.ActiveCfg = Ad-Hoc|iPhone
		{5114CDA7-96C3-4336-A85A-B4015C1FEB1B}.Ad-Hoc|iPhone.Build.0 = Ad-Hoc|iPhone
		{5114CDA7-96C3-4336-A85A-B4015C1FEB1B}.Ad-Hoc|iPhone.Deploy.0 = Ad-Hoc|iPhone
		{5114CDA7-96C3-4336-A85A-B4015C1FEB1B}.Ad-Hoc|iPhoneSimulator.ActiveCfg = Ad-Hoc|iPhoneSimulator
		{5114CDA7-96C3-4336-A85A-B4015C1FEB1B}.Ad-Hoc|iPhoneSimulator.Build.0 = Ad-Hoc|iPhoneSimulator
		{5114CDA7-96C3-4336-A85A-B4015C1FEB1B}.Ad-Hoc|iPhoneSimulator.Deploy.0 = Ad-Hoc|iPhoneSimulator
		{5114CDA7-96C3-4336-A85A-B4015C1FEB1B}.AppStore|Any CPU.ActiveCfg = AppStore|iPhone
		{5114CDA7-96C3-4336-A85A-B4015C1FEB1B}.AppStore|Any CPU.Build.0 = AppStore|iPhone
		{5114CDA7-96C3-4336-A85A-B4015C1FEB1B}.AppStore|Any CPU.Deploy.0 = AppStore|iPhone
		{5114CDA7-96C3-4336-A85A-B4015C1FEB1B}.AppStore|iPhone.ActiveCfg = AppStore|iPhone
		{5114CDA7-96C3-4336-A85A-B4015C1FEB1B}.AppStore|iPhone.Build.0 = AppStore|iPhone
		{5114CDA7-96C3-4336-A85A-B4015C1FEB1B}.AppStore|iPhone.Deploy.0 = AppStore|iPhone
		{5114CDA7-96C3-4336-A85A-B4015C1FEB1B}.AppStore|iPhoneSimulator.ActiveCfg = AppStore|iPhoneSimulator
		{5114CDA7-96C3-4336-A85A-B4015C1FEB1B}.AppStore|iPhoneSimulator.Build.0 = AppStore|iPhoneSimulator
		{5114CDA7-96C3-4336-A85A-B4015C1FEB1B}.AppStore|iPhoneSimulator.Deploy.0 = AppStore|iPhoneSimulator
		{5114CDA7-96C3-4336-A85A-B4015C1FEB1B}.Debug|Any CPU.ActiveCfg = Debug|iPhoneSimulator
		{5114CDA7-96C3-4336-A85A-B4015C1FEB1B}.Debug|Any CPU.Build.0 = Debug|iPhoneSimulator
		{5114CDA7-96C3-4336-A85A-B4015C1FEB1B}.Debug|Any CPU.Deploy.0 = Debug|iPhoneSimulator
		{5114CDA7-96C3-4336-A85A-B4015C1FEB1B}.Debug|iPhone.ActiveCfg = Debug|iPhone
		{5114CDA7-96C3-4336-A85A-B4015C1FEB1B}.Debug|iPhone.Build.0 = Debug|iPhone
		{5114CDA7-96C3-4336-A85A-B4015C1FEB1B}.Debug|iPhone.Deploy.0 = Debug|iPhone
		{5114CDA7-96C3-4336-A85A-B4015C1FEB1B}.Debug|iPhoneSimulator.ActiveCfg = Debug|iPhoneSimulator
		{5114CDA7-96C3-4336-A85A-B4015C1FEB1B}.Debug|iPhoneSimulator.Build.0 = Debug|iPhoneSimulator
		{5114CDA7-96C3-4336-A85A-B4015C1FEB1B}.Debug|iPhoneSimulator.Deploy.0 = Debug|iPhoneSimulator
		{5114CDA7-96C3-4336-A85A-B4015C1FEB1B}.Release|Any CPU.ActiveCfg = Release|iPhone
		{5114CDA7-96C3-4336-A85A-B4015C1FEB1B}.Release|Any CPU.Build.0 = Release|iPhone
		{5114CDA7-96C3-4336-A85A-B4015C1FEB1B}.Release|Any CPU.Deploy.0 = Release|iPhone
		{5114CDA7-96C3-4336-A85A-B4015C1FEB1B}.Release|iPhone.ActiveCfg = Release|iPhone
		{5114CDA7-96C3-4336-A85A-B4015C1FEB1B}.Release|iPhone.Build.0 = Release|iPhone
		{5114CDA7-96C3-4336-A85A-B4015C1FEB1B}.Release|iPhone.Deploy.0 = Release|iPhone
		{5114CDA7-96C3-4336-A85A-B4015C1FEB1B}.Release|iPhoneSimulator.ActiveCfg = Release|iPhoneSimulator
		{5114CDA7-96C3-4336-A85A-B4015C1FEB1B}.Release|iPhoneSimulator.Build.0 = Release|iPhoneSimulator
		{5114CDA7-96C3-4336-A85A-B4015C1FEB1B}.Release|iPhoneSimulator.Deploy.0 = Release|iPhoneSimulator
		{4731CBD6-B788-413A-9CEF-BDAABFF76940}.Ad-Hoc|Any CPU.ActiveCfg = Debug|Any CPU
		{4731CBD6-B788-413A-9CEF-BDAABFF76940}.Ad-Hoc|Any CPU.Build.0 = Debug|Any CPU
		{4731CBD6-B788-413A-9CEF-BDAABFF76940}.Ad-Hoc|Any CPU.Deploy.0 = Debug|Any CPU
		{4731CBD6-B788-413A-9CEF-BDAABFF76940}.Ad-Hoc|iPhone.ActiveCfg = Debug|Any CPU
		{4731CBD6-B788-413A-9CEF-BDAABFF76940}.Ad-Hoc|iPhone.Build.0 = Debug|Any CPU
		{4731CBD6-B788-413A-9CEF-BDAABFF76940}.Ad-Hoc|iPhone.Deploy.0 = Debug|Any CPU
		{4731CBD6-B788-413A-9CEF-BDAABFF76940}.Ad-Hoc|iPhoneSimulator.ActiveCfg = Debug|Any CPU
		{4731CBD6-B788-413A-9CEF-BDAABFF76940}.Ad-Hoc|iPhoneSimulator.Build.0 = Debug|Any CPU
		{4731CBD6-B788-413A-9CEF-BDAABFF76940}.Ad-Hoc|iPhoneSimulator.Deploy.0 = Debug|Any CPU
		{4731CBD6-B788-413A-9CEF-BDAABFF76940}.AppStore|Any CPU.ActiveCfg = Debug|Any CPU
		{4731CBD6-B788-413A-9CEF-BDAABFF76940}.AppStore|Any CPU.Build.0 = Debug|Any CPU
		{4731CBD6-B788-413A-9CEF-BDAABFF76940}.AppStore|Any CPU.Deploy.0 = Debug|Any CPU
		{4731CBD6-B788-413A-9CEF-BDAABFF76940}.AppStore|iPhone.ActiveCfg = Debug|Any CPU
		{4731CBD6-B788-413A-9CEF-BDAABFF76940}.AppStore|iPhone.Build.0 = Debug|Any CPU
		{4731CBD6-B788-413A-9CEF-BDAABFF76940}.AppStore|iPhone.Deploy.0 = Debug|Any CPU
		{4731CBD6-B788-413A-9CEF-BDAABFF76940}.AppStore|iPhoneSimulator.ActiveCfg = Debug|Any CPU
		{4731CBD6-B788-413A-9CEF-BDAABFF76940}.AppStore|iPhoneSimulator.Build.0 = Debug|Any CPU
		{4731CBD6-B788-413A-9CEF-BDAABFF76940}.AppStore|iPhoneSimulator.Deploy.0 = Debug|Any CPU
		{4731CBD6-B788-413A-9CEF-BDAABFF76940}.Debug|Any CPU.ActiveCfg = Debug|Any CPU
		{4731CBD6-B788-413A-9CEF-BDAABFF76940}.Debug|Any CPU.Build.0 = Debug|Any CPU
		{4731CBD6-B788-413A-9CEF-BDAABFF76940}.Debug|Any CPU.Deploy.0 = Debug|Any CPU
		{4731CBD6-B788-413A-9CEF-BDAABFF76940}.Debug|iPhone.ActiveCfg = Debug|Any CPU
		{4731CBD6-B788-413A-9CEF-BDAABFF76940}.Debug|iPhone.Build.0 = Debug|Any CPU
		{4731CBD6-B788-413A-9CEF-BDAABFF76940}.Debug|iPhone.Deploy.0 = Debug|Any CPU
		{4731CBD6-B788-413A-9CEF-BDAABFF76940}.Debug|iPhoneSimulator.ActiveCfg = Debug|Any CPU
		{4731CBD6-B788-413A-9CEF-BDAABFF76940}.Debug|iPhoneSimulator.Build.0 = Debug|Any CPU
		{4731CBD6-B788-413A-9CEF-BDAABFF76940}.Debug|iPhoneSimulator.Deploy.0 = Debug|Any CPU
		{4731CBD6-B788-413A-9CEF-BDAABFF76940}.Release|Any CPU.ActiveCfg = Release|Any CPU
		{4731CBD6-B788-413A-9CEF-BDAABFF76940}.Release|Any CPU.Build.0 = Release|Any CPU
		{4731CBD6-B788-413A-9CEF-BDAABFF76940}.Release|Any CPU.Deploy.0 = Release|Any CPU
		{4731CBD6-B788-413A-9CEF-BDAABFF76940}.Release|iPhone.ActiveCfg = Release|Any CPU
		{4731CBD6-B788-413A-9CEF-BDAABFF76940}.Release|iPhone.Build.0 = Release|Any CPU
		{4731CBD6-B788-413A-9CEF-BDAABFF76940}.Release|iPhone.Deploy.0 = Release|Any CPU
		{4731CBD6-B788-413A-9CEF-BDAABFF76940}.Release|iPhoneSimulator.ActiveCfg = Release|Any CPU
		{4731CBD6-B788-413A-9CEF-BDAABFF76940}.Release|iPhoneSimulator.Build.0 = Release|Any CPU
		{4731CBD6-B788-413A-9CEF-BDAABFF76940}.Release|iPhoneSimulator.Deploy.0 = Release|Any CPU
	EndGlobalSection
	GlobalSection(SolutionProperties) = preSolution
		HideSolutionNode = FALSE
	EndGlobalSection
	GlobalSection(ExtensibilityGlobals) = postSolution
		SolutionGuid = {636657F3-5B79-4ECB-8706-257D37D4BB7A}
	EndGlobalSection
EndGlobal
